
Microsoft Visual Studio Solution File, Format Version 12.00
# Visual Studio 15
VisualStudioVersion = 15.0.27130.2003
MinimumVisualStudioVersion = 10.0.40219.1
Project("{9A19103F-16F7-4668-BE54-9A1E7A4F7556}") = "NkochnevCore.WebApi", "NkochnevCore.WebApi\NkochnevCore.WebApi.csproj", "{E1FFA430-199A-4014-8EBE-12D7CBB71467}"
EndProject
Project("{9A19103F-16F7-4668-BE54-9A1E7A4F7556}") = "NkochnevCore.Infrastructure", "NkochnevCore.Infrastructure\NkochnevCore.Infrastructure.csproj", "{DE78318D-73EB-4BDC-9907-23017B6B5AD5}"
EndProject
Global
	GlobalSection(SolutionConfigurationPlatforms) = preSolution
		Debug|Any CPU = Debug|Any CPU
		Release|Any CPU = Release|Any CPU
	EndGlobalSection
	GlobalSection(ProjectConfigurationPlatforms) = postSolution
		{E1FFA430-199A-4014-8EBE-12D7CBB71467}.Debug|Any CPU.ActiveCfg = Debug|Any CPU
		{E1FFA430-199A-4014-8EBE-12D7CBB71467}.Debug|Any CPU.Build.0 = Debug|Any CPU
		{E1FFA430-199A-4014-8EBE-12D7CBB71467}.Release|Any CPU.ActiveCfg = Release|Any CPU
		{E1FFA430-199A-4014-8EBE-12D7CBB71467}.Release|Any CPU.Build.0 = Release|Any CPU
		{DE78318D-73EB-4BDC-9907-23017B6B5AD5}.Debug|Any CPU.ActiveCfg = Debug|Any CPU
		{DE78318D-73EB-4BDC-9907-23017B6B5AD5}.Debug|Any CPU.Build.0 = Debug|Any CPU
		{DE78318D-73EB-4BDC-9907-23017B6B5AD5}.Release|Any CPU.ActiveCfg = Release|Any CPU
		{DE78318D-73EB-4BDC-9907-23017B6B5AD5}.Release|Any CPU.Build.0 = Release|Any CPU
	EndGlobalSection
	GlobalSection(SolutionProperties) = preSolution
		HideSolutionNode = FALSE
	EndGlobalSection
	GlobalSection(ExtensibilityGlobals) = postSolution
		SolutionGuid = {205CC047-512A-4796-B8E0-878085B60668}
	EndGlobalSection
EndGlobal
