
Microsoft Visual Studio Solution File, Format Version 12.00
# Visual Studio 15
VisualStudioVersion = 15.0.27130.2003
MinimumVisualStudioVersion = 10.0.40219.1
Project("{9A19103F-16F7-4668-BE54-9A1E7A4F7556}") = "NkochnevCore.Infrastructure", "NkochnevCore.Infrastructure\NkochnevCore.Infrastructure.csproj", "{278C2474-048A-4AE9-9182-DEA0E7F9FB10}"
EndProject
Project("{FAE04EC0-301F-11D3-BF4B-00C04F79EFBC}") = "NkochnevCore.WebApi", "NkochnevCore.WebApi\NkochnevCore.WebApi.csproj", "{E1FFA430-199A-4014-8EBE-12D7CBB71467}"
EndProject
Global
	GlobalSection(SolutionConfigurationPlatforms) = preSolution
		Debug|Any CPU = Debug|Any CPU
		Release|Any CPU = Release|Any CPU
	EndGlobalSection
	GlobalSection(ProjectConfigurationPlatforms) = postSolution
		{278C2474-048A-4AE9-9182-DEA0E7F9FB10}.Debug|Any CPU.ActiveCfg = Debug|Any CPU
		{278C2474-048A-4AE9-9182-DEA0E7F9FB10}.Debug|Any CPU.Build.0 = Debug|Any CPU
		{278C2474-048A-4AE9-9182-DEA0E7F9FB10}.Release|Any CPU.ActiveCfg = Release|Any CPU
		{278C2474-048A-4AE9-9182-DEA0E7F9FB10}.Release|Any CPU.Build.0 = Release|Any CPU
		{E1FFA430-199A-4014-8EBE-12D7CBB71467}.Debug|Any CPU.ActiveCfg = Debug|Any CPU
		{E1FFA430-199A-4014-8EBE-12D7CBB71467}.Debug|Any CPU.Build.0 = Debug|Any CPU
		{E1FFA430-199A-4014-8EBE-12D7CBB71467}.Release|Any CPU.ActiveCfg = Release|Any CPU
		{E1FFA430-199A-4014-8EBE-12D7CBB71467}.Release|Any CPU.Build.0 = Release|Any CPU
	EndGlobalSection
	GlobalSection(SolutionProperties) = preSolution
		HideSolutionNode = FALSE
	EndGlobalSection
	GlobalSection(ExtensibilityGlobals) = postSolution
		SolutionGuid = {205CC047-512A-4796-B8E0-878085B60668}
	EndGlobalSection
EndGlobal
